
Microsoft Visual Studio Solution File, Format Version 12.00
# Visual Studio Version 17
VisualStudioVersion = 17.1.32421.90
MinimumVisualStudioVersion = 10.0.40219.1
Project("{FAE04EC0-301F-11D3-BF4B-00C04F79EFBC}") = "PS Programming", "PS Programming\PS Programming.csproj", "{8CAC8D96-9E08-4EF9-A2C2-38DD864224DB}"
EndProject
Global
	GlobalSection(SolutionConfigurationPlatforms) = preSolution
		Debug|Any CPU = Debug|Any CPU
		Release|Any CPU = Release|Any CPU
	EndGlobalSection
	GlobalSection(ProjectConfigurationPlatforms) = postSolution
		{8CAC8D96-9E08-4EF9-A2C2-38DD864224DB}.Debug|Any CPU.ActiveCfg = Debug|Any CPU
		{8CAC8D96-9E08-4EF9-A2C2-38DD864224DB}.Debug|Any CPU.Build.0 = Debug|Any CPU
		{8CAC8D96-9E08-4EF9-A2C2-38DD864224DB}.Release|Any CPU.ActiveCfg = Release|Any CPU
		{8CAC8D96-9E08-4EF9-A2C2-38DD864224DB}.Release|Any CPU.Build.0 = Release|Any CPU
	EndGlobalSection
	GlobalSection(SolutionProperties) = preSolution
		HideSolutionNode = FALSE
	EndGlobalSection
	GlobalSection(ExtensibilityGlobals) = postSolution
		SolutionGuid = {DD1BBA12-D586-4717-B9CD-0C22BA9C1D9B}
	EndGlobalSection
EndGlobal
